
Microsoft Visual Studio Solution File, Format Version 12.00
# Visual Studio Version 17
VisualStudioVersion = 17.4.33205.214
MinimumVisualStudioVersion = 10.0.40219.1
Project("{FAE04EC0-301F-11D3-BF4B-00C04F79EFBC}") = "WebPageCaching", "WebPageCaching\WebPageCaching.csproj", "{E602AEF4-52E6-48FC-A585-80147670DCCB}"
EndProject
Global
	GlobalSection(SolutionConfigurationPlatforms) = preSolution
		Debug|Any CPU = Debug|Any CPU
		Release|Any CPU = Release|Any CPU
	EndGlobalSection
	GlobalSection(ProjectConfigurationPlatforms) = postSolution
		{E602AEF4-52E6-48FC-A585-80147670DCCB}.Debug|Any CPU.ActiveCfg = Debug|Any CPU
		{E602AEF4-52E6-48FC-A585-80147670DCCB}.Debug|Any CPU.Build.0 = Debug|Any CPU
		{E602AEF4-52E6-48FC-A585-80147670DCCB}.Release|Any CPU.ActiveCfg = Release|Any CPU
		{E602AEF4-52E6-48FC-A585-80147670DCCB}.Release|Any CPU.Build.0 = Release|Any CPU
	EndGlobalSection
	GlobalSection(SolutionProperties) = preSolution
		HideSolutionNode = FALSE
	EndGlobalSection
	GlobalSection(ExtensibilityGlobals) = postSolution
		SolutionGuid = {90187BCC-A686-4A25-AD5F-757705D963FE}
	EndGlobalSection
EndGlobal
